
Microsoft Visual Studio Solution File, Format Version 12.00
# Visual Studio Version 17
VisualStudioVersion = 17.9.34526.213
MinimumVisualStudioVersion = 10.0.40219.1
Project("{9A19103F-16F7-4668-BE54-9A1E7A4F7556}") = "ManDI", "..\ManDI\ManDI.csproj", "{EAE62557-DC8B-4885-B786-227746F7978C}"
EndProject
Project("{9A19103F-16F7-4668-BE54-9A1E7A4F7556}") = "XUnit.Test", "XUnit.Test.csproj", "{C1596474-84EE-4B1F-867E-3622896C1294}"
	ProjectSection(ProjectDependencies) = postProject
		{EAE62557-DC8B-4885-B786-227746F7978C} = {EAE62557-DC8B-4885-B786-227746F7978C}
	EndProjectSection
EndProject
Global
	GlobalSection(SolutionConfigurationPlatforms) = preSolution
		Debug|Any CPU = Debug|Any CPU
		Release|Any CPU = Release|Any CPU
	EndGlobalSection
	GlobalSection(ProjectConfigurationPlatforms) = postSolution
		{EAE62557-DC8B-4885-B786-227746F7978C}.Debug|Any CPU.ActiveCfg = Debug|Any CPU
		{EAE62557-DC8B-4885-B786-227746F7978C}.Debug|Any CPU.Build.0 = Debug|Any CPU
		{EAE62557-DC8B-4885-B786-227746F7978C}.Release|Any CPU.ActiveCfg = Release|Any CPU
		{EAE62557-DC8B-4885-B786-227746F7978C}.Release|Any CPU.Build.0 = Release|Any CPU
		{C1596474-84EE-4B1F-867E-3622896C1294}.Debug|Any CPU.ActiveCfg = Debug|Any CPU
		{C1596474-84EE-4B1F-867E-3622896C1294}.Debug|Any CPU.Build.0 = Debug|Any CPU
		{C1596474-84EE-4B1F-867E-3622896C1294}.Release|Any CPU.ActiveCfg = Release|Any CPU
		{C1596474-84EE-4B1F-867E-3622896C1294}.Release|Any CPU.Build.0 = Release|Any CPU
	EndGlobalSection
	GlobalSection(SolutionProperties) = preSolution
		HideSolutionNode = FALSE
	EndGlobalSection
	GlobalSection(ExtensibilityGlobals) = postSolution
		SolutionGuid = {821CA4FE-493D-4660-8904-8AD25E303F63}
	EndGlobalSection
EndGlobal
